// !$*UTF8*$!
{
	archiveVersion = 1;
	classes = {
	};
	objectVersion = 51;
	objects = {

/* Begin PBXBuildFile section */
		051313D8246BB85E0042D929 /* TableViewController.swift in Sources */ = {isa = PBXBuildFile; fileRef = 051313D7246BB85E0042D929 /* TableViewController.swift */; };
		051313DA246D00A00042D929 /* NSObject.swift in Sources */ = {isa = PBXBuildFile; fileRef = 051313D9246D00A00042D929 /* NSObject.swift */; };
		051313DE246D01870042D929 /* TableViewCell.swift in Sources */ = {isa = PBXBuildFile; fileRef = 051313DD246D01870042D929 /* TableViewCell.swift */; };
		051313E4246DBC420042D929 /* UserController.swift in Sources */ = {isa = PBXBuildFile; fileRef = 051313E3246DBC420042D929 /* UserController.swift */; };
		054EA774245CA65700095990 /* ViewController.swift in Sources */ = {isa = PBXBuildFile; fileRef = 054EA76D245CA65700095990 /* ViewController.swift */; };
		054EA77A245CA65700095990 /* NavigationController.swift in Sources */ = {isa = PBXBuildFile; fileRef = 054EA773245CA65700095990 /* NavigationController.swift */; };
		054EA7A6245D781D00095990 /* DataProvider.swift in Sources */ = {isa = PBXBuildFile; fileRef = 054EA7A5245D781D00095990 /* DataProvider.swift */; };
		05765C2A245BF3E200013DF8 /* AppDelegate.swift in Sources */ = {isa = PBXBuildFile; fileRef = 05765C29245BF3E200013DF8 /* AppDelegate.swift */; };
		05765C31245BF3E200013DF8 /* Main.storyboard in Resources */ = {isa = PBXBuildFile; fileRef = 05765C2F245BF3E200013DF8 /* Main.storyboard */; };
		05765C33245BF3E600013DF8 /* Assets.xcassets in Resources */ = {isa = PBXBuildFile; fileRef = 05765C32245BF3E600013DF8 /* Assets.xcassets */; };
		05765C36245BF3E600013DF8 /* LaunchScreen.storyboard in Resources */ = {isa = PBXBuildFile; fileRef = 05765C34245BF3E600013DF8 /* LaunchScreen.storyboard */; };
		05765C41245BF62700013DF8 /* HomePhoto.swift in Sources */ = {isa = PBXBuildFile; fileRef = 05765C40245BF62700013DF8 /* HomePhoto.swift */; };
		05765C43245BF64F00013DF8 /* AboutText.swift in Sources */ = {isa = PBXBuildFile; fileRef = 05765C42245BF64F00013DF8 /* AboutText.swift */; };
		05765C45245BF67000013DF8 /* Contacts.swift in Sources */ = {isa = PBXBuildFile; fileRef = 05765C44245BF67000013DF8 /* Contacts.swift */; };
		05765C4C245BF74600013DF8 /* AboutTextController.swift in Sources */ = {isa = PBXBuildFile; fileRef = 05765C4B245BF74600013DF8 /* AboutTextController.swift */; };
		05765C4E245BF76000013DF8 /* ContactsController.swift in Sources */ = {isa = PBXBuildFile; fileRef = 05765C4D245BF76000013DF8 /* ContactsController.swift */; };
		05765C53245BF7BF00013DF8 /* ContactsCell.swift in Sources */ = {isa = PBXBuildFile; fileRef = 05765C52245BF7BF00013DF8 /* ContactsCell.swift */; };
		05765C57245C0BCA00013DF8 /* HomeController.swift in Sources */ = {isa = PBXBuildFile; fileRef = 05765C56245C0BCA00013DF8 /* HomeController.swift */; };
		05B226CE2474291E00235A1B /* InfoController.swift in Sources */ = {isa = PBXBuildFile; fileRef = 05B226CD2474291E00235A1B /* InfoController.swift */; };
		A3224273EA5A3905C2DD4258 /* Pods_HW_27_Home_About_Contacts.framework in Frameworks */ = {isa = PBXBuildFile; fileRef = 099004121BA6CE3F6876B809 /* Pods_HW_27_Home_About_Contacts.framework */; };
/* End PBXBuildFile section */

/* Begin PBXFileReference section */
		051313D7246BB85E0042D929 /* TableViewController.swift */ = {isa = PBXFileReference; lastKnownFileType = sourcecode.swift; path = TableViewController.swift; sourceTree = "<group>"; };
		051313D9246D00A00042D929 /* NSObject.swift */ = {isa = PBXFileReference; lastKnownFileType = sourcecode.swift; path = NSObject.swift; sourceTree = "<group>"; };
		051313DD246D01870042D929 /* TableViewCell.swift */ = {isa = PBXFileReference; lastKnownFileType = sourcecode.swift; path = TableViewCell.swift; sourceTree = "<group>"; };
		051313E3246DBC420042D929 /* UserController.swift */ = {isa = PBXFileReference; lastKnownFileType = sourcecode.swift; path = UserController.swift; sourceTree = "<group>"; };
		054EA76D245CA65700095990 /* ViewController.swift */ = {isa = PBXFileReference; fileEncoding = 4; lastKnownFileType = sourcecode.swift; path = ViewController.swift; sourceTree = "<group>"; };
		054EA773245CA65700095990 /* NavigationController.swift */ = {isa = PBXFileReference; fileEncoding = 4; lastKnownFileType = sourcecode.swift; path = NavigationController.swift; sourceTree = "<group>"; };
		054EA7A5245D781D00095990 /* DataProvider.swift */ = {isa = PBXFileReference; lastKnownFileType = sourcecode.swift; path = DataProvider.swift; sourceTree = "<group>"; };
		05765C26245BF3E200013DF8 /* HW_27_Home_About_Contacts.app */ = {isa = PBXFileReference; explicitFileType = wrapper.application; includeInIndex = 0; path = HW_27_Home_About_Contacts.app; sourceTree = BUILT_PRODUCTS_DIR; };
		05765C29245BF3E200013DF8 /* AppDelegate.swift */ = {isa = PBXFileReference; lastKnownFileType = sourcecode.swift; path = AppDelegate.swift; sourceTree = "<group>"; };
		05765C30245BF3E200013DF8 /* Base */ = {isa = PBXFileReference; lastKnownFileType = file.storyboard; name = Base; path = Base.lproj/Main.storyboard; sourceTree = "<group>"; };
		05765C32245BF3E600013DF8 /* Assets.xcassets */ = {isa = PBXFileReference; lastKnownFileType = folder.assetcatalog; path = Assets.xcassets; sourceTree = "<group>"; };
		05765C35245BF3E600013DF8 /* Base */ = {isa = PBXFileReference; lastKnownFileType = file.storyboard; name = Base; path = Base.lproj/LaunchScreen.storyboard; sourceTree = "<group>"; };
		05765C37245BF3E600013DF8 /* Info.plist */ = {isa = PBXFileReference; lastKnownFileType = text.plist.xml; path = Info.plist; sourceTree = "<group>"; };
		05765C40245BF62700013DF8 /* HomePhoto.swift */ = {isa = PBXFileReference; lastKnownFileType = sourcecode.swift; path = HomePhoto.swift; sourceTree = "<group>"; };
		05765C42245BF64F00013DF8 /* AboutText.swift */ = {isa = PBXFileReference; lastKnownFileType = sourcecode.swift; path = AboutText.swift; sourceTree = "<group>"; };
		05765C44245BF67000013DF8 /* Contacts.swift */ = {isa = PBXFileReference; lastKnownFileType = sourcecode.swift; path = Contacts.swift; sourceTree = "<group>"; };
		05765C4B245BF74600013DF8 /* AboutTextController.swift */ = {isa = PBXFileReference; lastKnownFileType = sourcecode.swift; path = AboutTextController.swift; sourceTree = "<group>"; };
		05765C4D245BF76000013DF8 /* ContactsController.swift */ = {isa = PBXFileReference; lastKnownFileType = sourcecode.swift; path = ContactsController.swift; sourceTree = "<group>"; };
		05765C52245BF7BF00013DF8 /* ContactsCell.swift */ = {isa = PBXFileReference; lastKnownFileType = sourcecode.swift; path = ContactsCell.swift; sourceTree = "<group>"; };
		05765C56245C0BCA00013DF8 /* HomeController.swift */ = {isa = PBXFileReference; lastKnownFileType = sourcecode.swift; path = HomeController.swift; sourceTree = "<group>"; };
		05B226CD2474291E00235A1B /* InfoController.swift */ = {isa = PBXFileReference; lastKnownFileType = sourcecode.swift; path = InfoController.swift; sourceTree = "<group>"; };
		099004121BA6CE3F6876B809 /* Pods_HW_27_Home_About_Contacts.framework */ = {isa = PBXFileReference; explicitFileType = wrapper.framework; includeInIndex = 0; path = Pods_HW_27_Home_About_Contacts.framework; sourceTree = BUILT_PRODUCTS_DIR; };
		57322AC0B1F1939E9B43E0B7 /* Pods-HW_27_Home_About_Contacts.debug.xcconfig */ = {isa = PBXFileReference; includeInIndex = 1; lastKnownFileType = text.xcconfig; name = "Pods-HW_27_Home_About_Contacts.debug.xcconfig"; path = "Target Support Files/Pods-HW_27_Home_About_Contacts/Pods-HW_27_Home_About_Contacts.debug.xcconfig"; sourceTree = "<group>"; };
		A397CCC346C3B7E3B62292B7 /* Pods-HW_27_Home_About_Contacts.release.xcconfig */ = {isa = PBXFileReference; includeInIndex = 1; lastKnownFileType = text.xcconfig; name = "Pods-HW_27_Home_About_Contacts.release.xcconfig"; path = "Target Support Files/Pods-HW_27_Home_About_Contacts/Pods-HW_27_Home_About_Contacts.release.xcconfig"; sourceTree = "<group>"; };
/* End PBXFileReference section */

/* Begin PBXFrameworksBuildPhase section */
		05765C23245BF3E200013DF8 /* Frameworks */ = {
			isa = PBXFrameworksBuildPhase;
			buildActionMask = 2147483647;
			files = (
				A3224273EA5A3905C2DD4258 /* Pods_HW_27_Home_About_Contacts.framework in Frameworks */,
			);
			runOnlyForDeploymentPostprocessing = 0;
		};
/* End PBXFrameworksBuildPhase section */

/* Begin PBXGroup section */
		054EA76C245CA65700095990 /* Base */ = {
			isa = PBXGroup;
			children = (
				054EA76D245CA65700095990 /* ViewController.swift */,
				054EA773245CA65700095990 /* NavigationController.swift */,
				051313D7246BB85E0042D929 /* TableViewController.swift */,
				051313D9246D00A00042D929 /* NSObject.swift */,
				051313DD246D01870042D929 /* TableViewCell.swift */,
			);
			path = Base;
			sourceTree = "<group>";
		};
		05765C1D245BF3E200013DF8 = {
			isa = PBXGroup;
			children = (
				05765C28245BF3E200013DF8 /* HW_27_Home_About_Contacts */,
				05765C27245BF3E200013DF8 /* Products */,
				22DEC102601B1D2CC632EA62 /* Pods */,
				F4045EC6680DC22947FA57B3 /* Frameworks */,
			);
			sourceTree = "<group>";
		};
		05765C27245BF3E200013DF8 /* Products */ = {
			isa = PBXGroup;
			children = (
				05765C26245BF3E200013DF8 /* HW_27_Home_About_Contacts.app */,
			);
			name = Products;
			sourceTree = "<group>";
		};
		05765C28245BF3E200013DF8 /* HW_27_Home_About_Contacts */ = {
			isa = PBXGroup;
			children = (
				05765C29245BF3E200013DF8 /* AppDelegate.swift */,
				054EA7A5245D781D00095990 /* DataProvider.swift */,
				054EA76C245CA65700095990 /* Base */,
				05765C51245BF7A000013DF8 /* Cell */,
				05765C48245BF6D500013DF8 /* Controller */,
				05765C3F245BF60900013DF8 /* Model */,
				05765C2F245BF3E200013DF8 /* Main.storyboard */,
				05765C32245BF3E600013DF8 /* Assets.xcassets */,
				05765C34245BF3E600013DF8 /* LaunchScreen.storyboard */,
				05765C37245BF3E600013DF8 /* Info.plist */,
			);
			path = HW_27_Home_About_Contacts;
			sourceTree = "<group>";
		};
		05765C3F245BF60900013DF8 /* Model */ = {
			isa = PBXGroup;
			children = (
				05765C40245BF62700013DF8 /* HomePhoto.swift */,
				05765C42245BF64F00013DF8 /* AboutText.swift */,
				05765C44245BF67000013DF8 /* Contacts.swift */,
			);
			path = Model;
			sourceTree = "<group>";
		};
		05765C48245BF6D500013DF8 /* Controller */ = {
			isa = PBXGroup;
			children = (
				05765C56245C0BCA00013DF8 /* HomeController.swift */,
				05765C4B245BF74600013DF8 /* AboutTextController.swift */,
				05765C4D245BF76000013DF8 /* ContactsController.swift */,
				051313E3246DBC420042D929 /* UserController.swift */,
				05B226CD2474291E00235A1B /* InfoController.swift */,
			);
			path = Controller;
			sourceTree = "<group>";
		};
		05765C51245BF7A000013DF8 /* Cell */ = {
			isa = PBXGroup;
			children = (
				05765C52245BF7BF00013DF8 /* ContactsCell.swift */,
			);
			path = Cell;
			sourceTree = "<group>";
		};
		22DEC102601B1D2CC632EA62 /* Pods */ = {
			isa = PBXGroup;
			children = (
				57322AC0B1F1939E9B43E0B7 /* Pods-HW_27_Home_About_Contacts.debug.xcconfig */,
				A397CCC346C3B7E3B62292B7 /* Pods-HW_27_Home_About_Contacts.release.xcconfig */,
			);
			path = Pods;
			sourceTree = "<group>";
		};
		F4045EC6680DC22947FA57B3 /* Frameworks */ = {
			isa = PBXGroup;
			children = (
				099004121BA6CE3F6876B809 /* Pods_HW_27_Home_About_Contacts.framework */,
			);
			name = Frameworks;
			sourceTree = "<group>";
		};
/* End PBXGroup section */

/* Begin PBXNativeTarget section */
		05765C25245BF3E200013DF8 /* HW_27_Home_About_Contacts */ = {
			isa = PBXNativeTarget;
			buildConfigurationList = 05765C3A245BF3E600013DF8 /* Build configuration list for PBXNativeTarget "HW_27_Home_About_Contacts" */;
			buildPhases = (
				509019CEAA2F4971C0129D51 /* [CP] Check Pods Manifest.lock */,
				05765C22245BF3E200013DF8 /* Sources */,
				05765C23245BF3E200013DF8 /* Frameworks */,
				05765C24245BF3E200013DF8 /* Resources */,
				9CFDEFAF598A90631479E880 /* [CP] Embed Pods Frameworks */,
			);
			buildRules = (
			);
			dependencies = (
			);
			name = HW_27_Home_About_Contacts;
			productName = HW_27_Home_About_Contacts;
			productReference = 05765C26245BF3E200013DF8 /* HW_27_Home_About_Contacts.app */;
			productType = "com.apple.product-type.application";
		};
/* End PBXNativeTarget section */

/* Begin PBXProject section */
		05765C1E245BF3E200013DF8 /* Project object */ = {
			isa = PBXProject;
			attributes = {
				LastSwiftUpdateCheck = 1140;
				LastUpgradeCheck = 1140;
				ORGANIZATIONNAME = "Nataliia Storozheva";
				TargetAttributes = {
					05765C25245BF3E200013DF8 = {
						CreatedOnToolsVersion = 11.4.1;
						LastSwiftMigration = 1140;
					};
				};
			};
			buildConfigurationList = 05765C21245BF3E200013DF8 /* Build configuration list for PBXProject "HW_27_Home_About_Contacts" */;
			compatibilityVersion = "Xcode 9.3";
			developmentRegion = en;
			hasScannedForEncodings = 0;
			knownRegions = (
				en,
				Base,
			);
			mainGroup = 05765C1D245BF3E200013DF8;
			productRefGroup = 05765C27245BF3E200013DF8 /* Products */;
			projectDirPath = "";
			projectRoot = "";
			targets = (
				05765C25245BF3E200013DF8 /* HW_27_Home_About_Contacts */,
			);
		};
/* End PBXProject section */

/* Begin PBXResourcesBuildPhase section */
		05765C24245BF3E200013DF8 /* Resources */ = {
			isa = PBXResourcesBuildPhase;
			buildActionMask = 2147483647;
			files = (
				05765C36245BF3E600013DF8 /* LaunchScreen.storyboard in Resources */,
				05765C33245BF3E600013DF8 /* Assets.xcassets in Resources */,
				05765C31245BF3E200013DF8 /* Main.storyboard in Resources */,
			);
			runOnlyForDeploymentPostprocessing = 0;
		};
/* End PBXResourcesBuildPhase section */

/* Begin PBXShellScriptBuildPhase section */
		509019CEAA2F4971C0129D51 /* [CP] Check Pods Manifest.lock */ = {
			isa = PBXShellScriptBuildPhase;
			buildActionMask = 2147483647;
			files = (
			);
			inputFileListPaths = (
			);
			inputPaths = (
				"${PODS_PODFILE_DIR_PATH}/Podfile.lock",
				"${PODS_ROOT}/Manifest.lock",
			);
			name = "[CP] Check Pods Manifest.lock";
			outputFileListPaths = (
			);
			outputPaths = (
				"$(DERIVED_FILE_DIR)/Pods-HW_27_Home_About_Contacts-checkManifestLockResult.txt",
			);
			runOnlyForDeploymentPostprocessing = 0;
			shellPath = /bin/sh;
			shellScript = "diff \"${PODS_PODFILE_DIR_PATH}/Podfile.lock\" \"${PODS_ROOT}/Manifest.lock\" > /dev/null\nif [ $? != 0 ] ; then\n    # print error to STDERR\n    echo \"error: The sandbox is not in sync with the Podfile.lock. Run 'pod install' or update your CocoaPods installation.\" >&2\n    exit 1\nfi\n# This output is used by Xcode 'outputs' to avoid re-running this script phase.\necho \"SUCCESS\" > \"${SCRIPT_OUTPUT_FILE_0}\"\n";
			showEnvVarsInLog = 0;
		};
		9CFDEFAF598A90631479E880 /* [CP] Embed Pods Frameworks */ = {
			isa = PBXShellScriptBuildPhase;
			buildActionMask = 2147483647;
			files = (
			);
			inputFileListPaths = (
				"${PODS_ROOT}/Target Support Files/Pods-HW_27_Home_About_Contacts/Pods-HW_27_Home_About_Contacts-frameworks-${CONFIGURATION}-input-files.xcfilelist",
			);
			name = "[CP] Embed Pods Frameworks";
			outputFileListPaths = (
				"${PODS_ROOT}/Target Support Files/Pods-HW_27_Home_About_Contacts/Pods-HW_27_Home_About_Contacts-frameworks-${CONFIGURATION}-output-files.xcfilelist",
			);
			runOnlyForDeploymentPostprocessing = 0;
			shellPath = /bin/sh;
			shellScript = "\"${PODS_ROOT}/Target Support Files/Pods-HW_27_Home_About_Contacts/Pods-HW_27_Home_About_Contacts-frameworks.sh\"\n";
			showEnvVarsInLog = 0;
		};
/* End PBXShellScriptBuildPhase section */

/* Begin PBXSourcesBuildPhase section */
		05765C22245BF3E200013DF8 /* Sources */ = {
			isa = PBXSourcesBuildPhase;
			buildActionMask = 2147483647;
			files = (
				051313E4246DBC420042D929 /* UserController.swift in Sources */,
				054EA7A6245D781D00095990 /* DataProvider.swift in Sources */,
				051313D8246BB85E0042D929 /* TableViewController.swift in Sources */,
				05765C45245BF67000013DF8 /* Contacts.swift in Sources */,
				05765C43245BF64F00013DF8 /* AboutText.swift in Sources */,
				05765C57245C0BCA00013DF8 /* HomeController.swift in Sources */,
				05765C53245BF7BF00013DF8 /* ContactsCell.swift in Sources */,
				05765C2A245BF3E200013DF8 /* AppDelegate.swift in Sources */,
				05765C4C245BF74600013DF8 /* AboutTextController.swift in Sources */,
				054EA774245CA65700095990 /* ViewController.swift in Sources */,
				054EA77A245CA65700095990 /* NavigationController.swift in Sources */,
				051313DA246D00A00042D929 /* NSObject.swift in Sources */,
				051313DE246D01870042D929 /* TableViewCell.swift in Sources */,
				05765C41245BF62700013DF8 /* HomePhoto.swift in Sources */,
				05765C4E245BF76000013DF8 /* ContactsController.swift in Sources */,
				05B226CE2474291E00235A1B /* InfoController.swift in Sources */,
			);
			runOnlyForDeploymentPostprocessing = 0;
		};
/* End PBXSourcesBuildPhase section */

/* Begin PBXVariantGroup section */
		05765C2F245BF3E200013DF8 /* Main.storyboard */ = {
			isa = PBXVariantGroup;
			children = (
				05765C30245BF3E200013DF8 /* Base */,
			);
			name = Main.storyboard;
			sourceTree = "<group>";
		};
		05765C34245BF3E600013DF8 /* LaunchScreen.storyboard */ = {
			isa = PBXVariantGroup;
			children = (
				05765C35245BF3E600013DF8 /* Base */,
			);
			name = LaunchScreen.storyboard;
			sourceTree = "<group>";
		};
/* End PBXVariantGroup section */

/* Begin XCBuildConfiguration section */
		05765C38245BF3E600013DF8 /* Debug */ = {
			isa = XCBuildConfiguration;
			buildSettings = {
				ALWAYS_SEARCH_USER_PATHS = NO;
				CLANG_ANALYZER_NONNULL = YES;
				CLANG_ANALYZER_NUMBER_OBJECT_CONVERSION = YES_AGGRESSIVE;
				CLANG_CXX_LANGUAGE_STANDARD = "gnu++14";
				CLANG_CXX_LIBRARY = "libc++";
				CLANG_ENABLE_MODULES = YES;
				CLANG_ENABLE_OBJC_ARC = YES;
				CLANG_ENABLE_OBJC_WEAK = YES;
				CLANG_WARN_BLOCK_CAPTURE_AUTORELEASING = YES;
				CLANG_WARN_BOOL_CONVERSION = YES;
				CLANG_WARN_COMMA = YES;
				CLANG_WARN_CONSTANT_CONVERSION = YES;
				CLANG_WARN_DEPRECATED_OBJC_IMPLEMENTATIONS = YES;
				CLANG_WARN_DIRECT_OBJC_ISA_USAGE = YES_ERROR;
				CLANG_WARN_DOCUMENTATION_COMMENTS = YES;
				CLANG_WARN_EMPTY_BODY = YES;
				CLANG_WARN_ENUM_CONVERSION = YES;
				CLANG_WARN_INFINITE_RECURSION = YES;
				CLANG_WARN_INT_CONVERSION = YES;
				CLANG_WARN_NON_LITERAL_NULL_CONVERSION = YES;
				CLANG_WARN_OBJC_IMPLICIT_RETAIN_SELF = YES;
				CLANG_WARN_OBJC_LITERAL_CONVERSION = YES;
				CLANG_WARN_OBJC_ROOT_CLASS = YES_ERROR;
				CLANG_WARN_RANGE_LOOP_ANALYSIS = YES;
				CLANG_WARN_STRICT_PROTOTYPES = YES;
				CLANG_WARN_SUSPICIOUS_MOVE = YES;
				CLANG_WARN_UNGUARDED_AVAILABILITY = YES_AGGRESSIVE;
				CLANG_WARN_UNREACHABLE_CODE = YES;
				CLANG_WARN__DUPLICATE_METHOD_MATCH = YES;
				COPY_PHASE_STRIP = NO;
				DEBUG_INFORMATION_FORMAT = dwarf;
				ENABLE_STRICT_OBJC_MSGSEND = YES;
				ENABLE_TESTABILITY = YES;
				GCC_C_LANGUAGE_STANDARD = gnu11;
				GCC_DYNAMIC_NO_PIC = NO;
				GCC_NO_COMMON_BLOCKS = YES;
				GCC_OPTIMIZATION_LEVEL = 0;
				GCC_PREPROCESSOR_DEFINITIONS = (
					"DEBUG=1",
					"$(inherited)",
				);
				GCC_WARN_64_TO_32_BIT_CONVERSION = YES;
				GCC_WARN_ABOUT_RETURN_TYPE = YES_ERROR;
				GCC_WARN_UNDECLARED_SELECTOR = YES;
				GCC_WARN_UNINITIALIZED_AUTOS = YES_AGGRESSIVE;
				GCC_WARN_UNUSED_FUNCTION = YES;
				GCC_WARN_UNUSED_VARIABLE = YES;
				IPHONEOS_DEPLOYMENT_TARGET = 13.4;
				MTL_ENABLE_DEBUG_INFO = INCLUDE_SOURCE;
				MTL_FAST_MATH = YES;
				ONLY_ACTIVE_ARCH = YES;
				SDKROOT = iphoneos;
				SWIFT_ACTIVE_COMPILATION_CONDITIONS = DEBUG;
				SWIFT_OPTIMIZATION_LEVEL = "-Onone";
			};
			name = Debug;
		};
		05765C39245BF3E600013DF8 /* Release */ = {
			isa = XCBuildConfiguration;
			buildSettings = {
				ALWAYS_SEARCH_USER_PATHS = NO;
				CLANG_ANALYZER_NONNULL = YES;
				CLANG_ANALYZER_NUMBER_OBJECT_CONVERSION = YES_AGGRESSIVE;
				CLANG_CXX_LANGUAGE_STANDARD = "gnu++14";
				CLANG_CXX_LIBRARY = "libc++";
				CLANG_ENABLE_MODULES = YES;
				CLANG_ENABLE_OBJC_ARC = YES;
				CLANG_ENABLE_OBJC_WEAK = YES;
				CLANG_WARN_BLOCK_CAPTURE_AUTORELEASING = YES;
				CLANG_WARN_BOOL_CONVERSION = YES;
				CLANG_WARN_COMMA = YES;
				CLANG_WARN_CONSTANT_CONVERSION = YES;
				CLANG_WARN_DEPRECATED_OBJC_IMPLEMENTATIONS = YES;
				CLANG_WARN_DIRECT_OBJC_ISA_USAGE = YES_ERROR;
				CLANG_WARN_DOCUMENTATION_COMMENTS = YES;
				CLANG_WARN_EMPTY_BODY = YES;
				CLANG_WARN_ENUM_CONVERSION = YES;
				CLANG_WARN_INFINITE_RECURSION = YES;
				CLANG_WARN_INT_CONVERSION = YES;
				CLANG_WARN_NON_LITERAL_NULL_CONVERSION = YES;
				CLANG_WARN_OBJC_IMPLICIT_RETAIN_SELF = YES;
				CLANG_WARN_OBJC_LITERAL_CONVERSION = YES;
				CLANG_WARN_OBJC_ROOT_CLASS = YES_ERROR;
				CLANG_WARN_RANGE_LOOP_ANALYSIS = YES;
				CLANG_WARN_STRICT_PROTOTYPES = YES;
				CLANG_WARN_SUSPICIOUS_MOVE = YES;
				CLANG_WARN_UNGUARDED_AVAILABILITY = YES_AGGRESSIVE;
				CLANG_WARN_UNREACHABLE_CODE = YES;
				CLANG_WARN__DUPLICATE_METHOD_MATCH = YES;
				COPY_PHASE_STRIP = NO;
				DEBUG_INFORMATION_FORMAT = "dwarf-with-dsym";
				ENABLE_NS_ASSERTIONS = NO;
				ENABLE_STRICT_OBJC_MSGSEND = YES;
				GCC_C_LANGUAGE_STANDARD = gnu11;
				GCC_NO_COMMON_BLOCKS = YES;
				GCC_WARN_64_TO_32_BIT_CONVERSION = YES;
				GCC_WARN_ABOUT_RETURN_TYPE = YES_ERROR;
				GCC_WARN_UNDECLARED_SELECTOR = YES;
				GCC_WARN_UNINITIALIZED_AUTOS = YES_AGGRESSIVE;
				GCC_WARN_UNUSED_FUNCTION = YES;
				GCC_WARN_UNUSED_VARIABLE = YES;
				IPHONEOS_DEPLOYMENT_TARGET = 13.4;
				MTL_ENABLE_DEBUG_INFO = NO;
				MTL_FAST_MATH = YES;
				SDKROOT = iphoneos;
				SWIFT_COMPILATION_MODE = wholemodule;
				SWIFT_OPTIMIZATION_LEVEL = "-O";
				VALIDATE_PRODUCT = YES;
			};
			name = Release;
		};
		05765C3B245BF3E600013DF8 /* Debug */ = {
			isa = XCBuildConfiguration;
			baseConfigurationReference = 57322AC0B1F1939E9B43E0B7 /* Pods-HW_27_Home_About_Contacts.debug.xcconfig */;
			buildSettings = {
				ASSETCATALOG_COMPILER_APPICON_NAME = AppIcon;
				CLANG_ENABLE_MODULES = YES;
				CODE_SIGN_STYLE = Automatic;
				DEVELOPMENT_TEAM = 64A5F5X892;
				INFOPLIST_FILE = HW_27_Home_About_Contacts/Info.plist;
				IPHONEOS_DEPLOYMENT_TARGET = 12.0;
				LD_RUNPATH_SEARCH_PATHS = (
					"$(inherited)",
					"@executable_path/Frameworks",
				);
				PRODUCT_BUNDLE_IDENTIFIER = "Stornata.HW-27-Home-About-Contacts";
				PRODUCT_NAME = "$(TARGET_NAME)";
				SWIFT_OPTIMIZATION_LEVEL = "-Onone";
				SWIFT_VERSION = 5.0;
				TARGETED_DEVICE_FAMILY = "1,2";
			};
			name = Debug;
		};
		05765C3C245BF3E600013DF8 /* Release */ = {
			isa = XCBuildConfiguration;
			baseConfigurationReference = A397CCC346C3B7E3B62292B7 /* Pods-HW_27_Home_About_Contacts.release.xcconfig */;
			buildSettings = {
				ASSETCATALOG_COMPILER_APPICON_NAME = AppIcon;
				CLANG_ENABLE_MODULES = YES;
				CODE_SIGN_STYLE = Automatic;
				DEVELOPMENT_TEAM = 64A5F5X892;
				INFOPLIST_FILE = HW_27_Home_About_Contacts/Info.plist;
				IPHONEOS_DEPLOYMENT_TARGET = 12.0;
				LD_RUNPATH_SEARCH_PATHS = (
					"$(inherited)",
					"@executable_path/Frameworks",
				);
				PRODUCT_BUNDLE_IDENTIFIER = "Stornata.HW-27-Home-About-Contacts";
				PRODUCT_NAME = "$(TARGET_NAME)";
				SWIFT_VERSION = 5.0;
				TARGETED_DEVICE_FAMILY = "1,2";
			};
			name = Release;
		};
/* End XCBuildConfiguration section */

/* Begin XCConfigurationList section */
		05765C21245BF3E200013DF8 /* Build configuration list for PBXProject "HW_27_Home_About_Contacts" */ = {
			isa = XCConfigurationList;
			buildConfigurations = (
				05765C38245BF3E600013DF8 /* Debug */,
				05765C39245BF3E600013DF8 /* Release */,
			);
			defaultConfigurationIsVisible = 0;
			defaultConfigurationName = Release;
		};
		05765C3A245BF3E600013DF8 /* Build configuration list for PBXNativeTarget "HW_27_Home_About_Contacts" */ = {
			isa = XCConfigurationList;
			buildConfigurations = (
				05765C3B245BF3E600013DF8 /* Debug */,
				05765C3C245BF3E600013DF8 /* Release */,
			);
			defaultConfigurationIsVisible = 0;
			defaultConfigurationName = Release;
		};
/* End XCConfigurationList section */
	};
	rootObject = 05765C1E245BF3E200013DF8 /* Project object */;
}
